
Microsoft Visual Studio Solution File, Format Version 12.00
# Visual Studio Version 17
VisualStudioVersion = 17.5.001.0
MinimumVisualStudioVersion = 10.0.40219.1
Project("{FAE04EC0-301F-11D3-BF4B-00C04F79EFBC}") = "trainingwithKA", "src\trainingwithKA.csproj", "{A47090BF-7607-4804-AA29-10724EBA8A0B}"
EndProject
Project("{2150E333-8FDC-42A3-9474-1A3956D46DE8}") = "src", "src", "{25CBB068-7027-4E89-96FA-BB984BCF922F}"
EndProject
Global
	GlobalSection(SolutionConfigurationPlatforms) = preSolution
		Debug|Any CPU = Debug|Any CPU
		Release|Any CPU = Release|Any CPU
	EndGlobalSection
	GlobalSection(ProjectConfigurationPlatforms) = postSolution
		{A47090BF-7607-4804-AA29-10724EBA8A0B}.Debug|Any CPU.ActiveCfg = Debug|Any CPU
		{A47090BF-7607-4804-AA29-10724EBA8A0B}.Debug|Any CPU.Build.0 = Debug|Any CPU
		{A47090BF-7607-4804-AA29-10724EBA8A0B}.Release|Any CPU.ActiveCfg = Release|Any CPU
		{A47090BF-7607-4804-AA29-10724EBA8A0B}.Release|Any CPU.Build.0 = Release|Any CPU
	EndGlobalSection
	GlobalSection(SolutionProperties) = preSolution
		HideSolutionNode = FALSE
	EndGlobalSection
	GlobalSection(NestedProjects) = preSolution
		{A47090BF-7607-4804-AA29-10724EBA8A0B} = {25CBB068-7027-4E89-96FA-BB984BCF922F}
	EndGlobalSection
	GlobalSection(ExtensibilityGlobals) = postSolution
		SolutionGuid = {AFAC72C2-788A-48A1-AF15-51DCCBCA93BB}
	EndGlobalSection
EndGlobal
